
Microsoft Visual Studio Solution File, Format Version 12.00
# Visual Studio Version 17
VisualStudioVersion = 17.0.31903.59
MinimumVisualStudioVersion = 10.0.40219.1
Project("{FAE04EC0-301F-11D3-BF4B-00C04F79EFBC}") = "AdventOfCode2024", "AdventOfCode2024\AdventOfCode2024.csproj", "{C75C2DB5-BBBC-4C36-A155-D6DF55F10309}"
EndProject
Project("{FAE04EC0-301F-11D3-BF4B-00C04F79EFBC}") = "AdventOfCode2024.Test", "AdventOfCode2024.Test\AdventOfCode2024.Test.csproj", "{BEB31DF2-AB6D-4C32-9363-639360018229}"
EndProject
Project("{2150E333-8FDC-42A3-9474-1A3956D46DE8}") = "OtherFiles", "OtherFiles", "{FBD47A2E-C85A-4CBE-9E1F-DB7CE6C380DA}"
	ProjectSection(SolutionItems) = preProject
		README.md = README.md
		.gitignore = .gitignore
	EndProjectSection
EndProject
Project("{2150E333-8FDC-42A3-9474-1A3956D46DE8}") = "input", "input", "{9EDC4BF9-12AF-45BF-8CF4-04D30668B9A2}"
	ProjectSection(SolutionItems) = preProject
		input\day01.txt = input\day01.txt
		input\day02.txt = input\day02.txt
		input\day03.txt = input\day03.txt
		input\day04.txt = input\day04.txt
		input\day05.txt = input\day05.txt
		input\day06.txt = input\day06.txt
		input\day07.txt = input\day07.txt
		input\day08.txt = input\day08.txt
		input\day09.txt = input\day09.txt
		input\day10.txt = input\day10.txt
		input\day11.txt = input\day11.txt
		input\day12.txt = input\day12.txt
		input\day13.txt = input\day13.txt
		input\day14.txt = input\day14.txt
		input\day15.txt = input\day15.txt
	EndProjectSection
EndProject
Global
	GlobalSection(SolutionConfigurationPlatforms) = preSolution
		Debug|Any CPU = Debug|Any CPU
		Release|Any CPU = Release|Any CPU
	EndGlobalSection
	GlobalSection(SolutionProperties) = preSolution
		HideSolutionNode = FALSE
	EndGlobalSection
	GlobalSection(ProjectConfigurationPlatforms) = postSolution
		{C75C2DB5-BBBC-4C36-A155-D6DF55F10309}.Debug|Any CPU.ActiveCfg = Debug|Any CPU
		{C75C2DB5-BBBC-4C36-A155-D6DF55F10309}.Debug|Any CPU.Build.0 = Debug|Any CPU
		{C75C2DB5-BBBC-4C36-A155-D6DF55F10309}.Release|Any CPU.ActiveCfg = Release|Any CPU
		{C75C2DB5-BBBC-4C36-A155-D6DF55F10309}.Release|Any CPU.Build.0 = Release|Any CPU
		{BEB31DF2-AB6D-4C32-9363-639360018229}.Debug|Any CPU.ActiveCfg = Debug|Any CPU
		{BEB31DF2-AB6D-4C32-9363-639360018229}.Debug|Any CPU.Build.0 = Debug|Any CPU
		{BEB31DF2-AB6D-4C32-9363-639360018229}.Release|Any CPU.ActiveCfg = Release|Any CPU
		{BEB31DF2-AB6D-4C32-9363-639360018229}.Release|Any CPU.Build.0 = Release|Any CPU
	EndGlobalSection
	GlobalSection(NestedProjects) = preSolution
		{9EDC4BF9-12AF-45BF-8CF4-04D30668B9A2} = {FBD47A2E-C85A-4CBE-9E1F-DB7CE6C380DA}
	EndGlobalSection
EndGlobal
